{
  "name": "book-watchlist",
  "version": "1.0.0",
  "lockfileVersion": 3,
  "requires": true,
  "packages": {
    "": {
      "name": "book-watchlist",
      "version": "1.0.0",
      "license": "ISC",
      "dependencies": {
        "groq-sdk": "^1.3.0"
      }
    },
    "node_modules/groq-sdk": {
      "version": "1.3.0",
      "resolved": "https://registry.npmjs.org/groq-sdk/-/groq-sdk-1.3.0.tgz",
      "integrity": "sha512-mvgUIpAxlk/VxWIoliHx4R+Ha78Bd/g0t24OFjCXtdLbNiY1rW4h9AcznKBwFho7K/Nq732ZSjxMYkNb1xeCFg==",
      "license": "Apache-2.0",
      "bin": {
        "groq-sdk": "bin/cli"
      }
    }
  }
}
